// !$*UTF8*$!
{
	archiveVersion = 1;
	classes = {
	};
	objectVersion = 56;
	objects = {

/* Begin PBXBuildFile section */
		8B1972BE2C857F09008F3BC1 /* SwiftUIPracticeApp.swift in Sources */ = {isa = PBXBuildFile; fileRef = 8B1972BD2C857F09008F3BC1 /* SwiftUIPracticeApp.swift */; };
		8B1972C02C857F09008F3BC1 /* ContentView.swift in Sources */ = {isa = PBXBuildFile; fileRef = 8B1972BF2C857F09008F3BC1 /* ContentView.swift */; };
		8B1972C22C857F0A008F3BC1 /* Assets.xcassets in Resources */ = {isa = PBXBuildFile; fileRef = 8B1972C12C857F0A008F3BC1 /* Assets.xcassets */; };
		8B1972C52C857F0A008F3BC1 /* Preview Assets.xcassets in Resources */ = {isa = PBXBuildFile; fileRef = 8B1972C42C857F0A008F3BC1 /* Preview Assets.xcassets */; };
		8B1972CC2C8598B9008F3BC1 /* LaunchView.swift in Sources */ = {isa = PBXBuildFile; fileRef = 8B1972CB2C8598B9008F3BC1 /* LaunchView.swift */; };
		8B1972CE2C8598FF008F3BC1 /* ProfileView.swift in Sources */ = {isa = PBXBuildFile; fileRef = 8B1972CD2C8598FF008F3BC1 /* ProfileView.swift */; };
		8B1972D02C859931008F3BC1 /* ImageSettingView.swift in Sources */ = {isa = PBXBuildFile; fileRef = 8B1972CF2C859931008F3BC1 /* ImageSettingView.swift */; };
		8B1972D22C859969008F3BC1 /* CompleteView.swift in Sources */ = {isa = PBXBuildFile; fileRef = 8B1972D12C859969008F3BC1 /* CompleteView.swift */; };
		8B3504232C886A760086D592 /* RandomImage.swift in Sources */ = {isa = PBXBuildFile; fileRef = 8B3504222C886A760086D592 /* RandomImage.swift */; };
		8B3504252C887B9F0086D592 /* NewRandomImage.swift in Sources */ = {isa = PBXBuildFile; fileRef = 8B3504242C887B9F0086D592 /* NewRandomImage.swift */; };
		8B3504272C89A58C0086D592 /* CategoryView.swift in Sources */ = {isa = PBXBuildFile; fileRef = 8B3504262C89A58C0086D592 /* CategoryView.swift */; };
		8B3504292C89C9F80086D592 /* NavigationWrapper.swift in Sources */ = {isa = PBXBuildFile; fileRef = 8B3504282C89C9F80086D592 /* NavigationWrapper.swift */; };
		8BC19B692C87205D00B1FC75 /* SearchView.swift in Sources */ = {isa = PBXBuildFile; fileRef = 8BC19B682C87205D00B1FC75 /* SearchView.swift */; };
		8BC19B6B2C87278700B1FC75 /* UpBitAPI.swift in Sources */ = {isa = PBXBuildFile; fileRef = 8BC19B6A2C87278700B1FC75 /* UpBitAPI.swift */; };
/* End PBXBuildFile section */

/* Begin PBXFileReference section */
		8B1972BA2C857F09008F3BC1 /* SwiftUIPractice.app */ = {isa = PBXFileReference; explicitFileType = wrapper.application; includeInIndex = 0; path = SwiftUIPractice.app; sourceTree = BUILT_PRODUCTS_DIR; };
		8B1972BD2C857F09008F3BC1 /* SwiftUIPracticeApp.swift */ = {isa = PBXFileReference; lastKnownFileType = sourcecode.swift; path = SwiftUIPracticeApp.swift; sourceTree = "<group>"; };
		8B1972BF2C857F09008F3BC1 /* ContentView.swift */ = {isa = PBXFileReference; lastKnownFileType = sourcecode.swift; path = ContentView.swift; sourceTree = "<group>"; };
		8B1972C12C857F0A008F3BC1 /* Assets.xcassets */ = {isa = PBXFileReference; lastKnownFileType = folder.assetcatalog; path = Assets.xcassets; sourceTree = "<group>"; };
		8B1972C42C857F0A008F3BC1 /* Preview Assets.xcassets */ = {isa = PBXFileReference; lastKnownFileType = folder.assetcatalog; path = "Preview Assets.xcassets"; sourceTree = "<group>"; };
		8B1972CB2C8598B9008F3BC1 /* LaunchView.swift */ = {isa = PBXFileReference; lastKnownFileType = sourcecode.swift; path = LaunchView.swift; sourceTree = "<group>"; };
		8B1972CD2C8598FF008F3BC1 /* ProfileView.swift */ = {isa = PBXFileReference; lastKnownFileType = sourcecode.swift; path = ProfileView.swift; sourceTree = "<group>"; };
		8B1972CF2C859931008F3BC1 /* ImageSettingView.swift */ = {isa = PBXFileReference; lastKnownFileType = sourcecode.swift; path = ImageSettingView.swift; sourceTree = "<group>"; };
		8B1972D12C859969008F3BC1 /* CompleteView.swift */ = {isa = PBXFileReference; lastKnownFileType = sourcecode.swift; path = CompleteView.swift; sourceTree = "<group>"; };
		8B3504222C886A760086D592 /* RandomImage.swift */ = {isa = PBXFileReference; lastKnownFileType = sourcecode.swift; path = RandomImage.swift; sourceTree = "<group>"; };
		8B3504242C887B9F0086D592 /* NewRandomImage.swift */ = {isa = PBXFileReference; lastKnownFileType = sourcecode.swift; path = NewRandomImage.swift; sourceTree = "<group>"; };
		8B3504262C89A58C0086D592 /* CategoryView.swift */ = {isa = PBXFileReference; lastKnownFileType = sourcecode.swift; path = CategoryView.swift; sourceTree = "<group>"; };
		8B3504282C89C9F80086D592 /* NavigationWrapper.swift */ = {isa = PBXFileReference; lastKnownFileType = sourcecode.swift; path = NavigationWrapper.swift; sourceTree = "<group>"; };
		8BC19B682C87205D00B1FC75 /* SearchView.swift */ = {isa = PBXFileReference; lastKnownFileType = sourcecode.swift; path = SearchView.swift; sourceTree = "<group>"; };
		8BC19B6A2C87278700B1FC75 /* UpBitAPI.swift */ = {isa = PBXFileReference; lastKnownFileType = sourcecode.swift; path = UpBitAPI.swift; sourceTree = "<group>"; };
/* End PBXFileReference section */

/* Begin PBXFrameworksBuildPhase section */
		8B1972B72C857F09008F3BC1 /* Frameworks */ = {
			isa = PBXFrameworksBuildPhase;
			buildActionMask = 2147483647;
			files = (
			);
			runOnlyForDeploymentPostprocessing = 0;
		};
/* End PBXFrameworksBuildPhase section */

/* Begin PBXGroup section */
		8B1972B12C857F09008F3BC1 = {
			isa = PBXGroup;
			children = (
				8B1972BC2C857F09008F3BC1 /* SwiftUIPractice */,
				8B1972BB2C857F09008F3BC1 /* Products */,
			);
			sourceTree = "<group>";
		};
		8B1972BB2C857F09008F3BC1 /* Products */ = {
			isa = PBXGroup;
			children = (
				8B1972BA2C857F09008F3BC1 /* SwiftUIPractice.app */,
			);
			name = Products;
			sourceTree = "<group>";
		};
		8B1972BC2C857F09008F3BC1 /* SwiftUIPractice */ = {
			isa = PBXGroup;
			children = (
				8B1972BD2C857F09008F3BC1 /* SwiftUIPracticeApp.swift */,
				8B1972BF2C857F09008F3BC1 /* ContentView.swift */,
				8B1972C12C857F0A008F3BC1 /* Assets.xcassets */,
				8B1972C32C857F0A008F3BC1 /* Preview Content */,
				8B1972CB2C8598B9008F3BC1 /* LaunchView.swift */,
				8B1972CD2C8598FF008F3BC1 /* ProfileView.swift */,
				8B1972CF2C859931008F3BC1 /* ImageSettingView.swift */,
				8B1972D12C859969008F3BC1 /* CompleteView.swift */,
				8BC19B682C87205D00B1FC75 /* SearchView.swift */,
				8BC19B6A2C87278700B1FC75 /* UpBitAPI.swift */,
				8B3504222C886A760086D592 /* RandomImage.swift */,
				8B3504242C887B9F0086D592 /* NewRandomImage.swift */,
				8B3504262C89A58C0086D592 /* CategoryView.swift */,
				8B3504282C89C9F80086D592 /* NavigationWrapper.swift */,
			);
			path = SwiftUIPractice;
			sourceTree = "<group>";
		};
		8B1972C32C857F0A008F3BC1 /* Preview Content */ = {
			isa = PBXGroup;
			children = (
				8B1972C42C857F0A008F3BC1 /* Preview Assets.xcassets */,
			);
			path = "Preview Content";
			sourceTree = "<group>";
		};
/* End PBXGroup section */

/* Begin PBXNativeTarget section */
		8B1972B92C857F09008F3BC1 /* SwiftUIPractice */ = {
			isa = PBXNativeTarget;
			buildConfigurationList = 8B1972C82C857F0A008F3BC1 /* Build configuration list for PBXNativeTarget "SwiftUIPractice" */;
			buildPhases = (
				8B1972B62C857F09008F3BC1 /* Sources */,
				8B1972B72C857F09008F3BC1 /* Frameworks */,
				8B1972B82C857F09008F3BC1 /* Resources */,
			);
			buildRules = (
			);
			dependencies = (
			);
			name = SwiftUIPractice;
			productName = SwiftUIPractice;
			productReference = 8B1972BA2C857F09008F3BC1 /* SwiftUIPractice.app */;
			productType = "com.apple.product-type.application";
		};
/* End PBXNativeTarget section */

/* Begin PBXProject section */
		8B1972B22C857F09008F3BC1 /* Project object */ = {
			isa = PBXProject;
			attributes = {
				BuildIndependentTargetsInParallel = 1;
				LastSwiftUpdateCheck = 1530;
				LastUpgradeCheck = 1530;
				TargetAttributes = {
					8B1972B92C857F09008F3BC1 = {
						CreatedOnToolsVersion = 15.3;
					};
				};
			};
			buildConfigurationList = 8B1972B52C857F09008F3BC1 /* Build configuration list for PBXProject "SwiftUIPractice" */;
			compatibilityVersion = "Xcode 14.0";
			developmentRegion = en;
			hasScannedForEncodings = 0;
			knownRegions = (
				en,
				Base,
			);
			mainGroup = 8B1972B12C857F09008F3BC1;
			productRefGroup = 8B1972BB2C857F09008F3BC1 /* Products */;
			projectDirPath = "";
			projectRoot = "";
			targets = (
				8B1972B92C857F09008F3BC1 /* SwiftUIPractice */,
			);
		};
/* End PBXProject section */

/* Begin PBXResourcesBuildPhase section */
		8B1972B82C857F09008F3BC1 /* Resources */ = {
			isa = PBXResourcesBuildPhase;
			buildActionMask = 2147483647;
			files = (
				8B1972C52C857F0A008F3BC1 /* Preview Assets.xcassets in Resources */,
				8B1972C22C857F0A008F3BC1 /* Assets.xcassets in Resources */,
			);
			runOnlyForDeploymentPostprocessing = 0;
		};
/* End PBXResourcesBuildPhase section */

/* Begin PBXSourcesBuildPhase section */
		8B1972B62C857F09008F3BC1 /* Sources */ = {
			isa = PBXSourcesBuildPhase;
			buildActionMask = 2147483647;
			files = (
				8B1972CE2C8598FF008F3BC1 /* ProfileView.swift in Sources */,
				8B3504252C887B9F0086D592 /* NewRandomImage.swift in Sources */,
				8B3504232C886A760086D592 /* RandomImage.swift in Sources */,
				8B3504292C89C9F80086D592 /* NavigationWrapper.swift in Sources */,
				8B1972C02C857F09008F3BC1 /* ContentView.swift in Sources */,
				8B1972CC2C8598B9008F3BC1 /* LaunchView.swift in Sources */,
				8B3504272C89A58C0086D592 /* CategoryView.swift in Sources */,
				8BC19B692C87205D00B1FC75 /* SearchView.swift in Sources */,
				8B1972BE2C857F09008F3BC1 /* SwiftUIPracticeApp.swift in Sources */,
				8B1972D02C859931008F3BC1 /* ImageSettingView.swift in Sources */,
				8B1972D22C859969008F3BC1 /* CompleteView.swift in Sources */,
				8BC19B6B2C87278700B1FC75 /* UpBitAPI.swift in Sources */,
			);
			runOnlyForDeploymentPostprocessing = 0;
		};
/* End PBXSourcesBuildPhase section */

/* Begin XCBuildConfiguration section */
		8B1972C62C857F0A008F3BC1 /* Debug */ = {
			isa = XCBuildConfiguration;
			buildSettings = {
				ALWAYS_SEARCH_USER_PATHS = NO;
				ASSETCATALOG_COMPILER_GENERATE_SWIFT_ASSET_SYMBOL_EXTENSIONS = YES;
				CLANG_ANALYZER_NONNULL = YES;
				CLANG_ANALYZER_NUMBER_OBJECT_CONVERSION = YES_AGGRESSIVE;
				CLANG_CXX_LANGUAGE_STANDARD = "gnu++20";
				CLANG_ENABLE_MODULES = YES;
				CLANG_ENABLE_OBJC_ARC = YES;
				CLANG_ENABLE_OBJC_WEAK = YES;
				CLANG_WARN_BLOCK_CAPTURE_AUTORELEASING = YES;
				CLANG_WARN_BOOL_CONVERSION = YES;
				CLANG_WARN_COMMA = YES;
				CLANG_WARN_CONSTANT_CONVERSION = YES;
				CLANG_WARN_DEPRECATED_OBJC_IMPLEMENTATIONS = YES;
				CLANG_WARN_DIRECT_OBJC_ISA_USAGE = YES_ERROR;
				CLANG_WARN_DOCUMENTATION_COMMENTS = YES;
				CLANG_WARN_EMPTY_BODY = YES;
				CLANG_WARN_ENUM_CONVERSION = YES;
				CLANG_WARN_INFINITE_RECURSION = YES;
				CLANG_WARN_INT_CONVERSION = YES;
				CLANG_WARN_NON_LITERAL_NULL_CONVERSION = YES;
				CLANG_WARN_OBJC_IMPLICIT_RETAIN_SELF = YES;
				CLANG_WARN_OBJC_LITERAL_CONVERSION = YES;
				CLANG_WARN_OBJC_ROOT_CLASS = YES_ERROR;
				CLANG_WARN_QUOTED_INCLUDE_IN_FRAMEWORK_HEADER = YES;
				CLANG_WARN_RANGE_LOOP_ANALYSIS = YES;
				CLANG_WARN_STRICT_PROTOTYPES = YES;
				CLANG_WARN_SUSPICIOUS_MOVE = YES;
				CLANG_WARN_UNGUARDED_AVAILABILITY = YES_AGGRESSIVE;
				CLANG_WARN_UNREACHABLE_CODE = YES;
				CLANG_WARN__DUPLICATE_METHOD_MATCH = YES;
				COPY_PHASE_STRIP = NO;
				DEBUG_INFORMATION_FORMAT = dwarf;
				ENABLE_STRICT_OBJC_MSGSEND = YES;
				ENABLE_TESTABILITY = YES;
				ENABLE_USER_SCRIPT_SANDBOXING = YES;
				GCC_C_LANGUAGE_STANDARD = gnu17;
				GCC_DYNAMIC_NO_PIC = NO;
				GCC_NO_COMMON_BLOCKS = YES;
				GCC_OPTIMIZATION_LEVEL = 0;
				GCC_PREPROCESSOR_DEFINITIONS = (
					"DEBUG=1",
					"$(inherited)",
				);
				GCC_WARN_64_TO_32_BIT_CONVERSION = YES;
				GCC_WARN_ABOUT_RETURN_TYPE = YES_ERROR;
				GCC_WARN_UNDECLARED_SELECTOR = YES;
				GCC_WARN_UNINITIALIZED_AUTOS = YES_AGGRESSIVE;
				GCC_WARN_UNUSED_FUNCTION = YES;
				GCC_WARN_UNUSED_VARIABLE = YES;
				IPHONEOS_DEPLOYMENT_TARGET = 17.4;
				LOCALIZATION_PREFERS_STRING_CATALOGS = YES;
				MTL_ENABLE_DEBUG_INFO = INCLUDE_SOURCE;
				MTL_FAST_MATH = YES;
				ONLY_ACTIVE_ARCH = YES;
				SDKROOT = iphoneos;
				SWIFT_ACTIVE_COMPILATION_CONDITIONS = "DEBUG $(inherited)";
				SWIFT_OPTIMIZATION_LEVEL = "-Onone";
			};
			name = Debug;
		};
		8B1972C72C857F0A008F3BC1 /* Release */ = {
			isa = XCBuildConfiguration;
			buildSettings = {
				ALWAYS_SEARCH_USER_PATHS = NO;
				ASSETCATALOG_COMPILER_GENERATE_SWIFT_ASSET_SYMBOL_EXTENSIONS = YES;
				CLANG_ANALYZER_NONNULL = YES;
				CLANG_ANALYZER_NUMBER_OBJECT_CONVERSION = YES_AGGRESSIVE;
				CLANG_CXX_LANGUAGE_STANDARD = "gnu++20";
				CLANG_ENABLE_MODULES = YES;
				CLANG_ENABLE_OBJC_ARC = YES;
				CLANG_ENABLE_OBJC_WEAK = YES;
				CLANG_WARN_BLOCK_CAPTURE_AUTORELEASING = YES;
				CLANG_WARN_BOOL_CONVERSION = YES;
				CLANG_WARN_COMMA = YES;
				CLANG_WARN_CONSTANT_CONVERSION = YES;
				CLANG_WARN_DEPRECATED_OBJC_IMPLEMENTATIONS = YES;
				CLANG_WARN_DIRECT_OBJC_ISA_USAGE = YES_ERROR;
				CLANG_WARN_DOCUMENTATION_COMMENTS = YES;
				CLANG_WARN_EMPTY_BODY = YES;
				CLANG_WARN_ENUM_CONVERSION = YES;
				CLANG_WARN_INFINITE_RECURSION = YES;
				CLANG_WARN_INT_CONVERSION = YES;
				CLANG_WARN_NON_LITERAL_NULL_CONVERSION = YES;
				CLANG_WARN_OBJC_IMPLICIT_RETAIN_SELF = YES;
				CLANG_WARN_OBJC_LITERAL_CONVERSION = YES;
				CLANG_WARN_OBJC_ROOT_CLASS = YES_ERROR;
				CLANG_WARN_QUOTED_INCLUDE_IN_FRAMEWORK_HEADER = YES;
				CLANG_WARN_RANGE_LOOP_ANALYSIS = YES;
				CLANG_WARN_STRICT_PROTOTYPES = YES;
				CLANG_WARN_SUSPICIOUS_MOVE = YES;
				CLANG_WARN_UNGUARDED_AVAILABILITY = YES_AGGRESSIVE;
				CLANG_WARN_UNREACHABLE_CODE = YES;
				CLANG_WARN__DUPLICATE_METHOD_MATCH = YES;
				COPY_PHASE_STRIP = NO;
				DEBUG_INFORMATION_FORMAT = "dwarf-with-dsym";
				ENABLE_NS_ASSERTIONS = NO;
				ENABLE_STRICT_OBJC_MSGSEND = YES;
				ENABLE_USER_SCRIPT_SANDBOXING = YES;
				GCC_C_LANGUAGE_STANDARD = gnu17;
				GCC_NO_COMMON_BLOCKS = YES;
				GCC_WARN_64_TO_32_BIT_CONVERSION = YES;
				GCC_WARN_ABOUT_RETURN_TYPE = YES_ERROR;
				GCC_WARN_UNDECLARED_SELECTOR = YES;
				GCC_WARN_UNINITIALIZED_AUTOS = YES_AGGRESSIVE;
				GCC_WARN_UNUSED_FUNCTION = YES;
				GCC_WARN_UNUSED_VARIABLE = YES;
				IPHONEOS_DEPLOYMENT_TARGET = 17.4;
				LOCALIZATION_PREFERS_STRING_CATALOGS = YES;
				MTL_ENABLE_DEBUG_INFO = NO;
				MTL_FAST_MATH = YES;
				SDKROOT = iphoneos;
				SWIFT_COMPILATION_MODE = wholemodule;
				VALIDATE_PRODUCT = YES;
			};
			name = Release;
		};
		8B1972C92C857F0A008F3BC1 /* Debug */ = {
			isa = XCBuildConfiguration;
			buildSettings = {
				ASSETCATALOG_COMPILER_APPICON_NAME = AppIcon;
				ASSETCATALOG_COMPILER_GLOBAL_ACCENT_COLOR_NAME = AccentColor;
				CODE_SIGN_STYLE = Automatic;
				CURRENT_PROJECT_VERSION = 1;
				DEVELOPMENT_ASSET_PATHS = "\"SwiftUIPractice/Preview Content\"";
				ENABLE_PREVIEWS = YES;
				GENERATE_INFOPLIST_FILE = YES;
				INFOPLIST_KEY_UIApplicationSceneManifest_Generation = YES;
				INFOPLIST_KEY_UIApplicationSupportsIndirectInputEvents = YES;
				INFOPLIST_KEY_UILaunchScreen_Generation = YES;
				INFOPLIST_KEY_UISupportedInterfaceOrientations_iPad = "UIInterfaceOrientationPortrait UIInterfaceOrientationPortraitUpsideDown UIInterfaceOrientationLandscapeLeft UIInterfaceOrientationLandscapeRight";
				INFOPLIST_KEY_UISupportedInterfaceOrientations_iPhone = "UIInterfaceOrientationPortrait UIInterfaceOrientationLandscapeLeft UIInterfaceOrientationLandscapeRight";
				LD_RUNPATH_SEARCH_PATHS = (
					"$(inherited)",
					"@executable_path/Frameworks",
				);
				MARKETING_VERSION = 1.0;
				PRODUCT_BUNDLE_IDENTIFIER = com.Swift.SwiftUIPractice;
				PRODUCT_NAME = "$(TARGET_NAME)";
				SWIFT_EMIT_LOC_STRINGS = YES;
				SWIFT_VERSION = 5.0;
				TARGETED_DEVICE_FAMILY = "1,2";
			};
			name = Debug;
		};
		8B1972CA2C857F0A008F3BC1 /* Release */ = {
			isa = XCBuildConfiguration;
			buildSettings = {
				ASSETCATALOG_COMPILER_APPICON_NAME = AppIcon;
				ASSETCATALOG_COMPILER_GLOBAL_ACCENT_COLOR_NAME = AccentColor;
				CODE_SIGN_STYLE = Automatic;
				CURRENT_PROJECT_VERSION = 1;
				DEVELOPMENT_ASSET_PATHS = "\"SwiftUIPractice/Preview Content\"";
				ENABLE_PREVIEWS = YES;
				GENERATE_INFOPLIST_FILE = YES;
				INFOPLIST_KEY_UIApplicationSceneManifest_Generation = YES;
				INFOPLIST_KEY_UIApplicationSupportsIndirectInputEvents = YES;
				INFOPLIST_KEY_UILaunchScreen_Generation = YES;
				INFOPLIST_KEY_UISupportedInterfaceOrientations_iPad = "UIInterfaceOrientationPortrait UIInterfaceOrientationPortraitUpsideDown UIInterfaceOrientationLandscapeLeft UIInterfaceOrientationLandscapeRight";
				INFOPLIST_KEY_UISupportedInterfaceOrientations_iPhone = "UIInterfaceOrientationPortrait UIInterfaceOrientationLandscapeLeft UIInterfaceOrientationLandscapeRight";
				LD_RUNPATH_SEARCH_PATHS = (
					"$(inherited)",
					"@executable_path/Frameworks",
				);
				MARKETING_VERSION = 1.0;
				PRODUCT_BUNDLE_IDENTIFIER = com.Swift.SwiftUIPractice;
				PRODUCT_NAME = "$(TARGET_NAME)";
				SWIFT_EMIT_LOC_STRINGS = YES;
				SWIFT_VERSION = 5.0;
				TARGETED_DEVICE_FAMILY = "1,2";
			};
			name = Release;
		};
/* End XCBuildConfiguration section */

/* Begin XCConfigurationList section */
		8B1972B52C857F09008F3BC1 /* Build configuration list for PBXProject "SwiftUIPractice" */ = {
			isa = XCConfigurationList;
			buildConfigurations = (
				8B1972C62C857F0A008F3BC1 /* Debug */,
				8B1972C72C857F0A008F3BC1 /* Release */,
			);
			defaultConfigurationIsVisible = 0;
			defaultConfigurationName = Release;
		};
		8B1972C82C857F0A008F3BC1 /* Build configuration list for PBXNativeTarget "SwiftUIPractice" */ = {
			isa = XCConfigurationList;
			buildConfigurations = (
				8B1972C92C857F0A008F3BC1 /* Debug */,
				8B1972CA2C857F0A008F3BC1 /* Release */,
			);
			defaultConfigurationIsVisible = 0;
			defaultConfigurationName = Release;
		};
/* End XCConfigurationList section */
	};
	rootObject = 8B1972B22C857F09008F3BC1 /* Project object */;
}
